
Microsoft Visual Studio Solution File, Format Version 12.00
# Visual Studio Version 16
VisualStudioVersion = 16.0.29209.152
MinimumVisualStudioVersion = 10.0.40219.1
Project("{FAE04EC0-301F-11D3-BF4B-00C04F79EFBC}") = "EarlyBid.Server", "EarlyBid\Server\EarlyBid.Server.csproj", "{E49456B4-A24E-4203-86D5-035366B88081}"
EndProject
Project("{FAE04EC0-301F-11D3-BF4B-00C04F79EFBC}") = "EarlyBid.Client", "EarlyBid\Client\EarlyBid.Client.csproj", "{903C9225-BBC5-4B68-8862-993F01684E7D}"
EndProject
Project("{FAE04EC0-301F-11D3-BF4B-00C04F79EFBC}") = "EarlyBid.Shared", "EarlyBid\Shared\EarlyBid.Shared.csproj", "{4AD444E9-03A4-46E0-9976-202103A2DAE8}"
EndProject
Global
	GlobalSection(SolutionConfigurationPlatforms) = preSolution
		Debug|Any CPU = Debug|Any CPU
		Release|Any CPU = Release|Any CPU
	EndGlobalSection
	GlobalSection(ProjectConfigurationPlatforms) = postSolution
		{E49456B4-A24E-4203-86D5-035366B88081}.Debug|Any CPU.ActiveCfg = Debug|Any CPU
		{E49456B4-A24E-4203-86D5-035366B88081}.Debug|Any CPU.Build.0 = Debug|Any CPU
		{E49456B4-A24E-4203-86D5-035366B88081}.Release|Any CPU.ActiveCfg = Release|Any CPU
		{E49456B4-A24E-4203-86D5-035366B88081}.Release|Any CPU.Build.0 = Release|Any CPU
		{903C9225-BBC5-4B68-8862-993F01684E7D}.Debug|Any CPU.ActiveCfg = Debug|Any CPU
		{903C9225-BBC5-4B68-8862-993F01684E7D}.Debug|Any CPU.Build.0 = Debug|Any CPU
		{903C9225-BBC5-4B68-8862-993F01684E7D}.Release|Any CPU.ActiveCfg = Release|Any CPU
		{903C9225-BBC5-4B68-8862-993F01684E7D}.Release|Any CPU.Build.0 = Release|Any CPU
		{4AD444E9-03A4-46E0-9976-202103A2DAE8}.Debug|Any CPU.ActiveCfg = Debug|Any CPU
		{4AD444E9-03A4-46E0-9976-202103A2DAE8}.Debug|Any CPU.Build.0 = Debug|Any CPU
		{4AD444E9-03A4-46E0-9976-202103A2DAE8}.Release|Any CPU.ActiveCfg = Release|Any CPU
		{4AD444E9-03A4-46E0-9976-202103A2DAE8}.Release|Any CPU.Build.0 = Release|Any CPU
	EndGlobalSection
	GlobalSection(SolutionProperties) = preSolution
		HideSolutionNode = FALSE
	EndGlobalSection
	GlobalSection(ExtensibilityGlobals) = postSolution
		SolutionGuid = {272403BA-68B5-407E-8F7C-72AA347C45F0}
	EndGlobalSection
EndGlobal
